
Microsoft Visual Studio Solution File, Format Version 12.00
# Visual Studio 2012
Project("{CC5FD16D-436D-48AD-A40C-5A424C6E3E79}") = "WindowsAzure1", "WindowsAzure1\WindowsAzure1.ccproj", "{1DCE7A79-004E-4BEA-BB95-F8377FC67107}"
EndProject
Project("{FAE04EC0-301F-11D3-BF4B-00C04F79EFBC}") = "WCFServiceWebRole1", "WCFServiceWebRole1\WCFServiceWebRole1.csproj", "{C82E731E-6247-4172-A4C4-322AF2BF9CF1}"
EndProject
Global
	GlobalSection(SolutionConfigurationPlatforms) = preSolution
		Debug|Any CPU = Debug|Any CPU
		Release|Any CPU = Release|Any CPU
	EndGlobalSection
	GlobalSection(ProjectConfigurationPlatforms) = postSolution
		{1DCE7A79-004E-4BEA-BB95-F8377FC67107}.Debug|Any CPU.ActiveCfg = Debug|Any CPU
		{1DCE7A79-004E-4BEA-BB95-F8377FC67107}.Debug|Any CPU.Build.0 = Debug|Any CPU
		{1DCE7A79-004E-4BEA-BB95-F8377FC67107}.Release|Any CPU.ActiveCfg = Release|Any CPU
		{1DCE7A79-004E-4BEA-BB95-F8377FC67107}.Release|Any CPU.Build.0 = Release|Any CPU
		{C82E731E-6247-4172-A4C4-322AF2BF9CF1}.Debug|Any CPU.ActiveCfg = Debug|Any CPU
		{C82E731E-6247-4172-A4C4-322AF2BF9CF1}.Debug|Any CPU.Build.0 = Debug|Any CPU
		{C82E731E-6247-4172-A4C4-322AF2BF9CF1}.Release|Any CPU.ActiveCfg = Release|Any CPU
		{C82E731E-6247-4172-A4C4-322AF2BF9CF1}.Release|Any CPU.Build.0 = Release|Any CPU
	EndGlobalSection
	GlobalSection(SolutionProperties) = preSolution
		HideSolutionNode = FALSE
	EndGlobalSection
EndGlobal
